
Microsoft Visual Studio Solution File, Format Version 12.00
# Visual Studio Version 17
VisualStudioVersion = 17.4.33122.133
MinimumVisualStudioVersion = 10.0.40219.1
Project("{FAE04EC0-301F-11D3-BF4B-00C04F79EFBC}") = "NZWalks.API", "NZWalks.API\NZWalks.API.csproj", "{6ED4CABA-F3AB-4682-A478-E5088DE58ACE}"
EndProject
Global
	GlobalSection(SolutionConfigurationPlatforms) = preSolution
		Debug|Any CPU = Debug|Any CPU
		Release|Any CPU = Release|Any CPU
	EndGlobalSection
	GlobalSection(ProjectConfigurationPlatforms) = postSolution
		{6ED4CABA-F3AB-4682-A478-E5088DE58ACE}.Debug|Any CPU.ActiveCfg = Debug|Any CPU
		{6ED4CABA-F3AB-4682-A478-E5088DE58ACE}.Debug|Any CPU.Build.0 = Debug|Any CPU
		{6ED4CABA-F3AB-4682-A478-E5088DE58ACE}.Release|Any CPU.ActiveCfg = Release|Any CPU
		{6ED4CABA-F3AB-4682-A478-E5088DE58ACE}.Release|Any CPU.Build.0 = Release|Any CPU
	EndGlobalSection
	GlobalSection(SolutionProperties) = preSolution
		HideSolutionNode = FALSE
	EndGlobalSection
	GlobalSection(ExtensibilityGlobals) = postSolution
		SolutionGuid = {D7E65863-3AF2-4C87-8C47-2B0816DAC19F}
	EndGlobalSection
EndGlobal
